
Microsoft Visual Studio Solution File, Format Version 12.00
# Visual Studio Version 17
VisualStudioVersion = 17.0.31903.59
MinimumVisualStudioVersion = 10.0.40219.1
Project("{2150E333-8FDC-42A3-9474-1A3956D46DE8}") = "src", "src", "{8A9B5ECD-52EA-4B2B-9BDB-4EF2A9C5B1D3}"
EndProject
Project("{2150E333-8FDC-42A3-9474-1A3956D46DE8}") = "Host", "Host", "{8DF25E89-1795-16B8-851D-6FF498E89A20}"
EndProject
Project("{FAE04EC0-301F-11D3-BF4B-00C04F79EFBC}") = "Autodor.Web", "src\Host\Autodor.Web\Autodor.Web.csproj", "{EECD3BF5-471E-4287-8E23-3B6CCF77BB6B}"
EndProject
Project("{FAE04EC0-301F-11D3-BF4B-00C04F79EFBC}") = "Autodor.Console", "src\Host\Autodor.Console\Autodor.Console.csproj", "{8AE1CFEA-1BB4-4E43-B750-1E7DCB5F30E6}"
EndProject
Project("{2150E333-8FDC-42A3-9474-1A3956D46DE8}") = "Shared", "Shared", "{A4059DA6-B6B4-2484-D504-DAAA6AAC330D}"
EndProject
Project("{FAE04EC0-301F-11D3-BF4B-00C04F79EFBC}") = "Autodor.Shared.Contracts", "src\Shared\Autodor.Shared.Contracts\Autodor.Shared.Contracts.csproj", "{8374AE9E-CE5C-4BDD-9CCD-0A409C50F768}"
EndProject
Project("{2150E333-8FDC-42A3-9474-1A3956D46DE8}") = "Modules", "Modules", "{EFE4BB84-E4C9-3F1D-A3CB-EB8B2EC91612}"
EndProject
Project("{2150E333-8FDC-42A3-9474-1A3956D46DE8}") = "Contractors", "Contractors", "{8E30684E-C214-F7FD-1C69-7C5B981E2D65}"
EndProject
Project("{FAE04EC0-301F-11D3-BF4B-00C04F79EFBC}") = "Autodor.Modules.Contractors.Domain", "src\Modules\Contractors\Autodor.Modules.Contractors.Domain\Autodor.Modules.Contractors.Domain.csproj", "{2B12BDB5-A435-4793-A60B-59398EAA32F1}"
EndProject
Project("{FAE04EC0-301F-11D3-BF4B-00C04F79EFBC}") = "Autodor.Modules.Contractors.Application", "src\Modules\Contractors\Autodor.Modules.Contractors.Application\Autodor.Modules.Contractors.Application.csproj", "{841CC902-B642-45E6-BCC1-85F0BD2BF6E5}"
EndProject
Project("{FAE04EC0-301F-11D3-BF4B-00C04F79EFBC}") = "Autodor.Modules.Contractors.Infrastructure", "src\Modules\Contractors\Autodor.Modules.Contractors.Infrastructure\Autodor.Modules.Contractors.Infrastructure.csproj", "{E3368F7E-D814-4C19-BDF4-5A5EDB36D89B}"
EndProject
Project("{2150E333-8FDC-42A3-9474-1A3956D46DE8}") = "Orders", "Orders", "{E1ED5814-3279-5096-6E7D-B99B82AC87D2}"
EndProject
Project("{FAE04EC0-301F-11D3-BF4B-00C04F79EFBC}") = "Autodor.Modules.Orders.Domain", "src\Modules\Orders\Autodor.Modules.Orders.Domain\Autodor.Modules.Orders.Domain.csproj", "{7D6F06DC-DEAD-4525-A11E-DAF996E2FD95}"
EndProject
Project("{FAE04EC0-301F-11D3-BF4B-00C04F79EFBC}") = "Autodor.Modules.Orders.Application", "src\Modules\Orders\Autodor.Modules.Orders.Application\Autodor.Modules.Orders.Application.csproj", "{0550B05F-91D1-467C-8897-8BED5BEFD0A3}"
EndProject
Project("{FAE04EC0-301F-11D3-BF4B-00C04F79EFBC}") = "Autodor.Modules.Orders.Infrastructure", "src\Modules\Orders\Autodor.Modules.Orders.Infrastructure\Autodor.Modules.Orders.Infrastructure.csproj", "{842A9A3D-12A8-4310-998B-C740B4A68745}"
EndProject
Project("{2150E333-8FDC-42A3-9474-1A3956D46DE8}") = "Products", "Products", "{32AB9031-46EF-EB64-39E9-1163C7E8B46C}"
EndProject
Project("{FAE04EC0-301F-11D3-BF4B-00C04F79EFBC}") = "Autodor.Modules.Products.Domain", "src\Modules\Products\Autodor.Modules.Products.Domain\Autodor.Modules.Products.Domain.csproj", "{98EA0405-C1D1-48FC-9A45-B047C6C4CA88}"
EndProject
Project("{FAE04EC0-301F-11D3-BF4B-00C04F79EFBC}") = "Autodor.Modules.Products.Application", "src\Modules\Products\Autodor.Modules.Products.Application\Autodor.Modules.Products.Application.csproj", "{1450DE29-1280-4BB6-ADF2-865912CC9E11}"
EndProject
Project("{FAE04EC0-301F-11D3-BF4B-00C04F79EFBC}") = "Autodor.Modules.Products.Infrastructure", "src\Modules\Products\Autodor.Modules.Products.Infrastructure\Autodor.Modules.Products.Infrastructure.csproj", "{FD5CE18C-B165-4FAE-AD99-AADC7905EF67}"
EndProject
Project("{2150E333-8FDC-42A3-9474-1A3956D46DE8}") = "Invoicing", "Invoicing", "{04E5667B-C87E-DB85-360C-E1DBE2C6BCF1}"
EndProject
Project("{FAE04EC0-301F-11D3-BF4B-00C04F79EFBC}") = "Autodor.Modules.Invoicing.Domain", "src\Modules\Invoicing\Autodor.Modules.Invoicing.Domain\Autodor.Modules.Invoicing.Domain.csproj", "{778C3ED1-133D-48BD-9BD6-288E361EB9C7}"
EndProject
Project("{FAE04EC0-301F-11D3-BF4B-00C04F79EFBC}") = "Autodor.Modules.Invoicing.Application", "src\Modules\Invoicing\Autodor.Modules.Invoicing.Application\Autodor.Modules.Invoicing.Application.csproj", "{D60E7E37-57D1-4CC4-B52C-D42A33BB61CC}"
EndProject
Project("{FAE04EC0-301F-11D3-BF4B-00C04F79EFBC}") = "Autodor.Modules.Invoicing.Infrastructure", "src\Modules\Invoicing\Autodor.Modules.Invoicing.Infrastructure\Autodor.Modules.Invoicing.Infrastructure.csproj", "{31DF535D-160D-429C-B76E-81CD52A4AD0C}"
EndProject
Project("{2150E333-8FDC-42A3-9474-1A3956D46DE8}") = "Solution Items", "Solution Items", "{8EC462FD-D22E-90A8-E5CE-7E832BA40C5D}"
	ProjectSection(SolutionItems) = preProject
		Directory.Packages.props = Directory.Packages.props
	EndProjectSection
EndProject
Project("{2150E333-8FDC-42A3-9474-1A3956D46DE8}") = "tests", "tests", "{0AB3BF05-4346-4AA6-1389-037BE0695223}"
EndProject
Project("{FAE04EC0-301F-11D3-BF4B-00C04F79EFBC}") = "Autodor.Tests.EndToEnd", "tests\Autodor.Tests.EndToEnd\Autodor.Tests.EndToEnd.csproj", "{DB13B865-36DA-44B2-B489-50B02EB0DE70}"
EndProject
Project("{FAE04EC0-301F-11D3-BF4B-00C04F79EFBC}") = "Autodor.Tests.Unit", "tests\Autodor.Tests.Unit\Autodor.Tests.Unit.csproj", "{17EEAB7A-50F7-46C8-A999-2179864B8817}"
EndProject
Global
	GlobalSection(SolutionConfigurationPlatforms) = preSolution
		Debug|Any CPU = Debug|Any CPU
		Debug|x64 = Debug|x64
		Debug|x86 = Debug|x86
		Release|Any CPU = Release|Any CPU
		Release|x64 = Release|x64
		Release|x86 = Release|x86
	EndGlobalSection
	GlobalSection(ProjectConfigurationPlatforms) = postSolution
		{EECD3BF5-471E-4287-8E23-3B6CCF77BB6B}.Debug|Any CPU.ActiveCfg = Debug|Any CPU
		{EECD3BF5-471E-4287-8E23-3B6CCF77BB6B}.Debug|Any CPU.Build.0 = Debug|Any CPU
		{EECD3BF5-471E-4287-8E23-3B6CCF77BB6B}.Debug|x64.ActiveCfg = Debug|Any CPU
		{EECD3BF5-471E-4287-8E23-3B6CCF77BB6B}.Debug|x64.Build.0 = Debug|Any CPU
		{EECD3BF5-471E-4287-8E23-3B6CCF77BB6B}.Debug|x86.ActiveCfg = Debug|Any CPU
		{EECD3BF5-471E-4287-8E23-3B6CCF77BB6B}.Debug|x86.Build.0 = Debug|Any CPU
		{EECD3BF5-471E-4287-8E23-3B6CCF77BB6B}.Release|Any CPU.ActiveCfg = Release|Any CPU
		{EECD3BF5-471E-4287-8E23-3B6CCF77BB6B}.Release|Any CPU.Build.0 = Release|Any CPU
		{EECD3BF5-471E-4287-8E23-3B6CCF77BB6B}.Release|x64.ActiveCfg = Release|Any CPU
		{EECD3BF5-471E-4287-8E23-3B6CCF77BB6B}.Release|x64.Build.0 = Release|Any CPU
		{EECD3BF5-471E-4287-8E23-3B6CCF77BB6B}.Release|x86.ActiveCfg = Release|Any CPU
		{EECD3BF5-471E-4287-8E23-3B6CCF77BB6B}.Release|x86.Build.0 = Release|Any CPU
		{8AE1CFEA-1BB4-4E43-B750-1E7DCB5F30E6}.Debug|Any CPU.ActiveCfg = Debug|Any CPU
		{8AE1CFEA-1BB4-4E43-B750-1E7DCB5F30E6}.Debug|Any CPU.Build.0 = Debug|Any CPU
		{8AE1CFEA-1BB4-4E43-B750-1E7DCB5F30E6}.Debug|x64.ActiveCfg = Debug|Any CPU
		{8AE1CFEA-1BB4-4E43-B750-1E7DCB5F30E6}.Debug|x64.Build.0 = Debug|Any CPU
		{8AE1CFEA-1BB4-4E43-B750-1E7DCB5F30E6}.Debug|x86.ActiveCfg = Debug|Any CPU
		{8AE1CFEA-1BB4-4E43-B750-1E7DCB5F30E6}.Debug|x86.Build.0 = Debug|Any CPU
		{8AE1CFEA-1BB4-4E43-B750-1E7DCB5F30E6}.Release|Any CPU.ActiveCfg = Release|Any CPU
		{8AE1CFEA-1BB4-4E43-B750-1E7DCB5F30E6}.Release|Any CPU.Build.0 = Release|Any CPU
		{8AE1CFEA-1BB4-4E43-B750-1E7DCB5F30E6}.Release|x64.ActiveCfg = Release|Any CPU
		{8AE1CFEA-1BB4-4E43-B750-1E7DCB5F30E6}.Release|x64.Build.0 = Release|Any CPU
		{8AE1CFEA-1BB4-4E43-B750-1E7DCB5F30E6}.Release|x86.ActiveCfg = Release|Any CPU
		{8AE1CFEA-1BB4-4E43-B750-1E7DCB5F30E6}.Release|x86.Build.0 = Release|Any CPU
		{8374AE9E-CE5C-4BDD-9CCD-0A409C50F768}.Debug|Any CPU.ActiveCfg = Debug|Any CPU
		{8374AE9E-CE5C-4BDD-9CCD-0A409C50F768}.Debug|Any CPU.Build.0 = Debug|Any CPU
		{8374AE9E-CE5C-4BDD-9CCD-0A409C50F768}.Debug|x64.ActiveCfg = Debug|Any CPU
		{8374AE9E-CE5C-4BDD-9CCD-0A409C50F768}.Debug|x64.Build.0 = Debug|Any CPU
		{8374AE9E-CE5C-4BDD-9CCD-0A409C50F768}.Debug|x86.ActiveCfg = Debug|Any CPU
		{8374AE9E-CE5C-4BDD-9CCD-0A409C50F768}.Debug|x86.Build.0 = Debug|Any CPU
		{8374AE9E-CE5C-4BDD-9CCD-0A409C50F768}.Release|Any CPU.ActiveCfg = Release|Any CPU
		{8374AE9E-CE5C-4BDD-9CCD-0A409C50F768}.Release|Any CPU.Build.0 = Release|Any CPU
		{8374AE9E-CE5C-4BDD-9CCD-0A409C50F768}.Release|x64.ActiveCfg = Release|Any CPU
		{8374AE9E-CE5C-4BDD-9CCD-0A409C50F768}.Release|x64.Build.0 = Release|Any CPU
		{8374AE9E-CE5C-4BDD-9CCD-0A409C50F768}.Release|x86.ActiveCfg = Release|Any CPU
		{8374AE9E-CE5C-4BDD-9CCD-0A409C50F768}.Release|x86.Build.0 = Release|Any CPU
		{2B12BDB5-A435-4793-A60B-59398EAA32F1}.Debug|Any CPU.ActiveCfg = Debug|Any CPU
		{2B12BDB5-A435-4793-A60B-59398EAA32F1}.Debug|Any CPU.Build.0 = Debug|Any CPU
		{2B12BDB5-A435-4793-A60B-59398EAA32F1}.Debug|x64.ActiveCfg = Debug|Any CPU
		{2B12BDB5-A435-4793-A60B-59398EAA32F1}.Debug|x64.Build.0 = Debug|Any CPU
		{2B12BDB5-A435-4793-A60B-59398EAA32F1}.Debug|x86.ActiveCfg = Debug|Any CPU
		{2B12BDB5-A435-4793-A60B-59398EAA32F1}.Debug|x86.Build.0 = Debug|Any CPU
		{2B12BDB5-A435-4793-A60B-59398EAA32F1}.Release|Any CPU.ActiveCfg = Release|Any CPU
		{2B12BDB5-A435-4793-A60B-59398EAA32F1}.Release|Any CPU.Build.0 = Release|Any CPU
		{2B12BDB5-A435-4793-A60B-59398EAA32F1}.Release|x64.ActiveCfg = Release|Any CPU
		{2B12BDB5-A435-4793-A60B-59398EAA32F1}.Release|x64.Build.0 = Release|Any CPU
		{2B12BDB5-A435-4793-A60B-59398EAA32F1}.Release|x86.ActiveCfg = Release|Any CPU
		{2B12BDB5-A435-4793-A60B-59398EAA32F1}.Release|x86.Build.0 = Release|Any CPU
		{841CC902-B642-45E6-BCC1-85F0BD2BF6E5}.Debug|Any CPU.ActiveCfg = Debug|Any CPU
		{841CC902-B642-45E6-BCC1-85F0BD2BF6E5}.Debug|Any CPU.Build.0 = Debug|Any CPU
		{841CC902-B642-45E6-BCC1-85F0BD2BF6E5}.Debug|x64.ActiveCfg = Debug|Any CPU
		{841CC902-B642-45E6-BCC1-85F0BD2BF6E5}.Debug|x64.Build.0 = Debug|Any CPU
		{841CC902-B642-45E6-BCC1-85F0BD2BF6E5}.Debug|x86.ActiveCfg = Debug|Any CPU
		{841CC902-B642-45E6-BCC1-85F0BD2BF6E5}.Debug|x86.Build.0 = Debug|Any CPU
		{841CC902-B642-45E6-BCC1-85F0BD2BF6E5}.Release|Any CPU.ActiveCfg = Release|Any CPU
		{841CC902-B642-45E6-BCC1-85F0BD2BF6E5}.Release|Any CPU.Build.0 = Release|Any CPU
		{841CC902-B642-45E6-BCC1-85F0BD2BF6E5}.Release|x64.ActiveCfg = Release|Any CPU
		{841CC902-B642-45E6-BCC1-85F0BD2BF6E5}.Release|x64.Build.0 = Release|Any CPU
		{841CC902-B642-45E6-BCC1-85F0BD2BF6E5}.Release|x86.ActiveCfg = Release|Any CPU
		{841CC902-B642-45E6-BCC1-85F0BD2BF6E5}.Release|x86.Build.0 = Release|Any CPU
		{E3368F7E-D814-4C19-BDF4-5A5EDB36D89B}.Debug|Any CPU.ActiveCfg = Debug|Any CPU
		{E3368F7E-D814-4C19-BDF4-5A5EDB36D89B}.Debug|Any CPU.Build.0 = Debug|Any CPU
		{E3368F7E-D814-4C19-BDF4-5A5EDB36D89B}.Debug|x64.ActiveCfg = Debug|Any CPU
		{E3368F7E-D814-4C19-BDF4-5A5EDB36D89B}.Debug|x64.Build.0 = Debug|Any CPU
		{E3368F7E-D814-4C19-BDF4-5A5EDB36D89B}.Debug|x86.ActiveCfg = Debug|Any CPU
		{E3368F7E-D814-4C19-BDF4-5A5EDB36D89B}.Debug|x86.Build.0 = Debug|Any CPU
		{E3368F7E-D814-4C19-BDF4-5A5EDB36D89B}.Release|Any CPU.ActiveCfg = Release|Any CPU
		{E3368F7E-D814-4C19-BDF4-5A5EDB36D89B}.Release|Any CPU.Build.0 = Release|Any CPU
		{E3368F7E-D814-4C19-BDF4-5A5EDB36D89B}.Release|x64.ActiveCfg = Release|Any CPU
		{E3368F7E-D814-4C19-BDF4-5A5EDB36D89B}.Release|x64.Build.0 = Release|Any CPU
		{E3368F7E-D814-4C19-BDF4-5A5EDB36D89B}.Release|x86.ActiveCfg = Release|Any CPU
		{E3368F7E-D814-4C19-BDF4-5A5EDB36D89B}.Release|x86.Build.0 = Release|Any CPU
		{7D6F06DC-DEAD-4525-A11E-DAF996E2FD95}.Debug|Any CPU.ActiveCfg = Debug|Any CPU
		{7D6F06DC-DEAD-4525-A11E-DAF996E2FD95}.Debug|Any CPU.Build.0 = Debug|Any CPU
		{7D6F06DC-DEAD-4525-A11E-DAF996E2FD95}.Debug|x64.ActiveCfg = Debug|Any CPU
		{7D6F06DC-DEAD-4525-A11E-DAF996E2FD95}.Debug|x64.Build.0 = Debug|Any CPU
		{7D6F06DC-DEAD-4525-A11E-DAF996E2FD95}.Debug|x86.ActiveCfg = Debug|Any CPU
		{7D6F06DC-DEAD-4525-A11E-DAF996E2FD95}.Debug|x86.Build.0 = Debug|Any CPU
		{7D6F06DC-DEAD-4525-A11E-DAF996E2FD95}.Release|Any CPU.ActiveCfg = Release|Any CPU
		{7D6F06DC-DEAD-4525-A11E-DAF996E2FD95}.Release|Any CPU.Build.0 = Release|Any CPU
		{7D6F06DC-DEAD-4525-A11E-DAF996E2FD95}.Release|x64.ActiveCfg = Release|Any CPU
		{7D6F06DC-DEAD-4525-A11E-DAF996E2FD95}.Release|x64.Build.0 = Release|Any CPU
		{7D6F06DC-DEAD-4525-A11E-DAF996E2FD95}.Release|x86.ActiveCfg = Release|Any CPU
		{7D6F06DC-DEAD-4525-A11E-DAF996E2FD95}.Release|x86.Build.0 = Release|Any CPU
		{0550B05F-91D1-467C-8897-8BED5BEFD0A3}.Debug|Any CPU.ActiveCfg = Debug|Any CPU
		{0550B05F-91D1-467C-8897-8BED5BEFD0A3}.Debug|Any CPU.Build.0 = Debug|Any CPU
		{0550B05F-91D1-467C-8897-8BED5BEFD0A3}.Debug|x64.ActiveCfg = Debug|Any CPU
		{0550B05F-91D1-467C-8897-8BED5BEFD0A3}.Debug|x64.Build.0 = Debug|Any CPU
		{0550B05F-91D1-467C-8897-8BED5BEFD0A3}.Debug|x86.ActiveCfg = Debug|Any CPU
		{0550B05F-91D1-467C-8897-8BED5BEFD0A3}.Debug|x86.Build.0 = Debug|Any CPU
		{0550B05F-91D1-467C-8897-8BED5BEFD0A3}.Release|Any CPU.ActiveCfg = Release|Any CPU
		{0550B05F-91D1-467C-8897-8BED5BEFD0A3}.Release|Any CPU.Build.0 = Release|Any CPU
		{0550B05F-91D1-467C-8897-8BED5BEFD0A3}.Release|x64.ActiveCfg = Release|Any CPU
		{0550B05F-91D1-467C-8897-8BED5BEFD0A3}.Release|x64.Build.0 = Release|Any CPU
		{0550B05F-91D1-467C-8897-8BED5BEFD0A3}.Release|x86.ActiveCfg = Release|Any CPU
		{0550B05F-91D1-467C-8897-8BED5BEFD0A3}.Release|x86.Build.0 = Release|Any CPU
		{842A9A3D-12A8-4310-998B-C740B4A68745}.Debug|Any CPU.ActiveCfg = Debug|Any CPU
		{842A9A3D-12A8-4310-998B-C740B4A68745}.Debug|Any CPU.Build.0 = Debug|Any CPU
		{842A9A3D-12A8-4310-998B-C740B4A68745}.Debug|x64.ActiveCfg = Debug|Any CPU
		{842A9A3D-12A8-4310-998B-C740B4A68745}.Debug|x64.Build.0 = Debug|Any CPU
		{842A9A3D-12A8-4310-998B-C740B4A68745}.Debug|x86.ActiveCfg = Debug|Any CPU
		{842A9A3D-12A8-4310-998B-C740B4A68745}.Debug|x86.Build.0 = Debug|Any CPU
		{842A9A3D-12A8-4310-998B-C740B4A68745}.Release|Any CPU.ActiveCfg = Release|Any CPU
		{842A9A3D-12A8-4310-998B-C740B4A68745}.Release|Any CPU.Build.0 = Release|Any CPU
		{842A9A3D-12A8-4310-998B-C740B4A68745}.Release|x64.ActiveCfg = Release|Any CPU
		{842A9A3D-12A8-4310-998B-C740B4A68745}.Release|x64.Build.0 = Release|Any CPU
		{842A9A3D-12A8-4310-998B-C740B4A68745}.Release|x86.ActiveCfg = Release|Any CPU
		{842A9A3D-12A8-4310-998B-C740B4A68745}.Release|x86.Build.0 = Release|Any CPU
		{98EA0405-C1D1-48FC-9A45-B047C6C4CA88}.Debug|Any CPU.ActiveCfg = Debug|Any CPU
		{98EA0405-C1D1-48FC-9A45-B047C6C4CA88}.Debug|Any CPU.Build.0 = Debug|Any CPU
		{98EA0405-C1D1-48FC-9A45-B047C6C4CA88}.Debug|x64.ActiveCfg = Debug|Any CPU
		{98EA0405-C1D1-48FC-9A45-B047C6C4CA88}.Debug|x64.Build.0 = Debug|Any CPU
		{98EA0405-C1D1-48FC-9A45-B047C6C4CA88}.Debug|x86.ActiveCfg = Debug|Any CPU
		{98EA0405-C1D1-48FC-9A45-B047C6C4CA88}.Debug|x86.Build.0 = Debug|Any CPU
		{98EA0405-C1D1-48FC-9A45-B047C6C4CA88}.Release|Any CPU.ActiveCfg = Release|Any CPU
		{98EA0405-C1D1-48FC-9A45-B047C6C4CA88}.Release|Any CPU.Build.0 = Release|Any CPU
		{98EA0405-C1D1-48FC-9A45-B047C6C4CA88}.Release|x64.ActiveCfg = Release|Any CPU
		{98EA0405-C1D1-48FC-9A45-B047C6C4CA88}.Release|x64.Build.0 = Release|Any CPU
		{98EA0405-C1D1-48FC-9A45-B047C6C4CA88}.Release|x86.ActiveCfg = Release|Any CPU
		{98EA0405-C1D1-48FC-9A45-B047C6C4CA88}.Release|x86.Build.0 = Release|Any CPU
		{1450DE29-1280-4BB6-ADF2-865912CC9E11}.Debug|Any CPU.ActiveCfg = Debug|Any CPU
		{1450DE29-1280-4BB6-ADF2-865912CC9E11}.Debug|Any CPU.Build.0 = Debug|Any CPU
		{1450DE29-1280-4BB6-ADF2-865912CC9E11}.Debug|x64.ActiveCfg = Debug|Any CPU
		{1450DE29-1280-4BB6-ADF2-865912CC9E11}.Debug|x64.Build.0 = Debug|Any CPU
		{1450DE29-1280-4BB6-ADF2-865912CC9E11}.Debug|x86.ActiveCfg = Debug|Any CPU
		{1450DE29-1280-4BB6-ADF2-865912CC9E11}.Debug|x86.Build.0 = Debug|Any CPU
		{1450DE29-1280-4BB6-ADF2-865912CC9E11}.Release|Any CPU.ActiveCfg = Release|Any CPU
		{1450DE29-1280-4BB6-ADF2-865912CC9E11}.Release|Any CPU.Build.0 = Release|Any CPU
		{1450DE29-1280-4BB6-ADF2-865912CC9E11}.Release|x64.ActiveCfg = Release|Any CPU
		{1450DE29-1280-4BB6-ADF2-865912CC9E11}.Release|x64.Build.0 = Release|Any CPU
		{1450DE29-1280-4BB6-ADF2-865912CC9E11}.Release|x86.ActiveCfg = Release|Any CPU
		{1450DE29-1280-4BB6-ADF2-865912CC9E11}.Release|x86.Build.0 = Release|Any CPU
		{FD5CE18C-B165-4FAE-AD99-AADC7905EF67}.Debug|Any CPU.ActiveCfg = Debug|Any CPU
		{FD5CE18C-B165-4FAE-AD99-AADC7905EF67}.Debug|Any CPU.Build.0 = Debug|Any CPU
		{FD5CE18C-B165-4FAE-AD99-AADC7905EF67}.Debug|x64.ActiveCfg = Debug|Any CPU
		{FD5CE18C-B165-4FAE-AD99-AADC7905EF67}.Debug|x64.Build.0 = Debug|Any CPU
		{FD5CE18C-B165-4FAE-AD99-AADC7905EF67}.Debug|x86.ActiveCfg = Debug|Any CPU
		{FD5CE18C-B165-4FAE-AD99-AADC7905EF67}.Debug|x86.Build.0 = Debug|Any CPU
		{FD5CE18C-B165-4FAE-AD99-AADC7905EF67}.Release|Any CPU.ActiveCfg = Release|Any CPU
		{FD5CE18C-B165-4FAE-AD99-AADC7905EF67}.Release|Any CPU.Build.0 = Release|Any CPU
		{FD5CE18C-B165-4FAE-AD99-AADC7905EF67}.Release|x64.ActiveCfg = Release|Any CPU
		{FD5CE18C-B165-4FAE-AD99-AADC7905EF67}.Release|x64.Build.0 = Release|Any CPU
		{FD5CE18C-B165-4FAE-AD99-AADC7905EF67}.Release|x86.ActiveCfg = Release|Any CPU
		{FD5CE18C-B165-4FAE-AD99-AADC7905EF67}.Release|x86.Build.0 = Release|Any CPU
		{778C3ED1-133D-48BD-9BD6-288E361EB9C7}.Debug|Any CPU.ActiveCfg = Debug|Any CPU
		{778C3ED1-133D-48BD-9BD6-288E361EB9C7}.Debug|Any CPU.Build.0 = Debug|Any CPU
		{778C3ED1-133D-48BD-9BD6-288E361EB9C7}.Debug|x64.ActiveCfg = Debug|Any CPU
		{778C3ED1-133D-48BD-9BD6-288E361EB9C7}.Debug|x64.Build.0 = Debug|Any CPU
		{778C3ED1-133D-48BD-9BD6-288E361EB9C7}.Debug|x86.ActiveCfg = Debug|Any CPU
		{778C3ED1-133D-48BD-9BD6-288E361EB9C7}.Debug|x86.Build.0 = Debug|Any CPU
		{778C3ED1-133D-48BD-9BD6-288E361EB9C7}.Release|Any CPU.ActiveCfg = Release|Any CPU
		{778C3ED1-133D-48BD-9BD6-288E361EB9C7}.Release|Any CPU.Build.0 = Release|Any CPU
		{778C3ED1-133D-48BD-9BD6-288E361EB9C7}.Release|x64.ActiveCfg = Release|Any CPU
		{778C3ED1-133D-48BD-9BD6-288E361EB9C7}.Release|x64.Build.0 = Release|Any CPU
		{778C3ED1-133D-48BD-9BD6-288E361EB9C7}.Release|x86.ActiveCfg = Release|Any CPU
		{778C3ED1-133D-48BD-9BD6-288E361EB9C7}.Release|x86.Build.0 = Release|Any CPU
		{D60E7E37-57D1-4CC4-B52C-D42A33BB61CC}.Debug|Any CPU.ActiveCfg = Debug|Any CPU
		{D60E7E37-57D1-4CC4-B52C-D42A33BB61CC}.Debug|Any CPU.Build.0 = Debug|Any CPU
		{D60E7E37-57D1-4CC4-B52C-D42A33BB61CC}.Debug|x64.ActiveCfg = Debug|Any CPU
		{D60E7E37-57D1-4CC4-B52C-D42A33BB61CC}.Debug|x64.Build.0 = Debug|Any CPU
		{D60E7E37-57D1-4CC4-B52C-D42A33BB61CC}.Debug|x86.ActiveCfg = Debug|Any CPU
		{D60E7E37-57D1-4CC4-B52C-D42A33BB61CC}.Debug|x86.Build.0 = Debug|Any CPU
		{D60E7E37-57D1-4CC4-B52C-D42A33BB61CC}.Release|Any CPU.ActiveCfg = Release|Any CPU
		{D60E7E37-57D1-4CC4-B52C-D42A33BB61CC}.Release|Any CPU.Build.0 = Release|Any CPU
		{D60E7E37-57D1-4CC4-B52C-D42A33BB61CC}.Release|x64.ActiveCfg = Release|Any CPU
		{D60E7E37-57D1-4CC4-B52C-D42A33BB61CC}.Release|x64.Build.0 = Release|Any CPU
		{D60E7E37-57D1-4CC4-B52C-D42A33BB61CC}.Release|x86.ActiveCfg = Release|Any CPU
		{D60E7E37-57D1-4CC4-B52C-D42A33BB61CC}.Release|x86.Build.0 = Release|Any CPU
		{31DF535D-160D-429C-B76E-81CD52A4AD0C}.Debug|Any CPU.ActiveCfg = Debug|Any CPU
		{31DF535D-160D-429C-B76E-81CD52A4AD0C}.Debug|Any CPU.Build.0 = Debug|Any CPU
		{31DF535D-160D-429C-B76E-81CD52A4AD0C}.Debug|x64.ActiveCfg = Debug|Any CPU
		{31DF535D-160D-429C-B76E-81CD52A4AD0C}.Debug|x64.Build.0 = Debug|Any CPU
		{31DF535D-160D-429C-B76E-81CD52A4AD0C}.Debug|x86.ActiveCfg = Debug|Any CPU
		{31DF535D-160D-429C-B76E-81CD52A4AD0C}.Debug|x86.Build.0 = Debug|Any CPU
		{31DF535D-160D-429C-B76E-81CD52A4AD0C}.Release|Any CPU.ActiveCfg = Release|Any CPU
		{31DF535D-160D-429C-B76E-81CD52A4AD0C}.Release|Any CPU.Build.0 = Release|Any CPU
		{31DF535D-160D-429C-B76E-81CD52A4AD0C}.Release|x64.ActiveCfg = Release|Any CPU
		{31DF535D-160D-429C-B76E-81CD52A4AD0C}.Release|x64.Build.0 = Release|Any CPU
		{31DF535D-160D-429C-B76E-81CD52A4AD0C}.Release|x86.ActiveCfg = Release|Any CPU
		{31DF535D-160D-429C-B76E-81CD52A4AD0C}.Release|x86.Build.0 = Release|Any CPU
		{DB13B865-36DA-44B2-B489-50B02EB0DE70}.Debug|Any CPU.ActiveCfg = Debug|Any CPU
		{DB13B865-36DA-44B2-B489-50B02EB0DE70}.Debug|Any CPU.Build.0 = Debug|Any CPU
		{DB13B865-36DA-44B2-B489-50B02EB0DE70}.Debug|x64.ActiveCfg = Debug|Any CPU
		{DB13B865-36DA-44B2-B489-50B02EB0DE70}.Debug|x64.Build.0 = Debug|Any CPU
		{DB13B865-36DA-44B2-B489-50B02EB0DE70}.Debug|x86.ActiveCfg = Debug|Any CPU
		{DB13B865-36DA-44B2-B489-50B02EB0DE70}.Debug|x86.Build.0 = Debug|Any CPU
		{DB13B865-36DA-44B2-B489-50B02EB0DE70}.Release|Any CPU.ActiveCfg = Release|Any CPU
		{DB13B865-36DA-44B2-B489-50B02EB0DE70}.Release|Any CPU.Build.0 = Release|Any CPU
		{DB13B865-36DA-44B2-B489-50B02EB0DE70}.Release|x64.ActiveCfg = Release|Any CPU
		{DB13B865-36DA-44B2-B489-50B02EB0DE70}.Release|x64.Build.0 = Release|Any CPU
		{DB13B865-36DA-44B2-B489-50B02EB0DE70}.Release|x86.ActiveCfg = Release|Any CPU
		{DB13B865-36DA-44B2-B489-50B02EB0DE70}.Release|x86.Build.0 = Release|Any CPU
		{17EEAB7A-50F7-46C8-A999-2179864B8817}.Debug|Any CPU.ActiveCfg = Debug|Any CPU
		{17EEAB7A-50F7-46C8-A999-2179864B8817}.Debug|Any CPU.Build.0 = Debug|Any CPU
		{17EEAB7A-50F7-46C8-A999-2179864B8817}.Debug|x64.ActiveCfg = Debug|Any CPU
		{17EEAB7A-50F7-46C8-A999-2179864B8817}.Debug|x64.Build.0 = Debug|Any CPU
		{17EEAB7A-50F7-46C8-A999-2179864B8817}.Debug|x86.ActiveCfg = Debug|Any CPU
		{17EEAB7A-50F7-46C8-A999-2179864B8817}.Debug|x86.Build.0 = Debug|Any CPU
		{17EEAB7A-50F7-46C8-A999-2179864B8817}.Release|Any CPU.ActiveCfg = Release|Any CPU
		{17EEAB7A-50F7-46C8-A999-2179864B8817}.Release|Any CPU.Build.0 = Release|Any CPU
		{17EEAB7A-50F7-46C8-A999-2179864B8817}.Release|x64.ActiveCfg = Release|Any CPU
		{17EEAB7A-50F7-46C8-A999-2179864B8817}.Release|x64.Build.0 = Release|Any CPU
		{17EEAB7A-50F7-46C8-A999-2179864B8817}.Release|x86.ActiveCfg = Release|Any CPU
		{17EEAB7A-50F7-46C8-A999-2179864B8817}.Release|x86.Build.0 = Release|Any CPU
	EndGlobalSection
	GlobalSection(SolutionProperties) = preSolution
		HideSolutionNode = FALSE
	EndGlobalSection
	GlobalSection(NestedProjects) = preSolution
		{8DF25E89-1795-16B8-851D-6FF498E89A20} = {8A9B5ECD-52EA-4B2B-9BDB-4EF2A9C5B1D3}
		{EECD3BF5-471E-4287-8E23-3B6CCF77BB6B} = {8DF25E89-1795-16B8-851D-6FF498E89A20}
		{8AE1CFEA-1BB4-4E43-B750-1E7DCB5F30E6} = {8DF25E89-1795-16B8-851D-6FF498E89A20}
		{A4059DA6-B6B4-2484-D504-DAAA6AAC330D} = {8A9B5ECD-52EA-4B2B-9BDB-4EF2A9C5B1D3}
		{8374AE9E-CE5C-4BDD-9CCD-0A409C50F768} = {A4059DA6-B6B4-2484-D504-DAAA6AAC330D}
		{EFE4BB84-E4C9-3F1D-A3CB-EB8B2EC91612} = {8A9B5ECD-52EA-4B2B-9BDB-4EF2A9C5B1D3}
		{8E30684E-C214-F7FD-1C69-7C5B981E2D65} = {EFE4BB84-E4C9-3F1D-A3CB-EB8B2EC91612}
		{2B12BDB5-A435-4793-A60B-59398EAA32F1} = {8E30684E-C214-F7FD-1C69-7C5B981E2D65}
		{841CC902-B642-45E6-BCC1-85F0BD2BF6E5} = {8E30684E-C214-F7FD-1C69-7C5B981E2D65}
		{E3368F7E-D814-4C19-BDF4-5A5EDB36D89B} = {8E30684E-C214-F7FD-1C69-7C5B981E2D65}
		{E1ED5814-3279-5096-6E7D-B99B82AC87D2} = {EFE4BB84-E4C9-3F1D-A3CB-EB8B2EC91612}
		{7D6F06DC-DEAD-4525-A11E-DAF996E2FD95} = {E1ED5814-3279-5096-6E7D-B99B82AC87D2}
		{0550B05F-91D1-467C-8897-8BED5BEFD0A3} = {E1ED5814-3279-5096-6E7D-B99B82AC87D2}
		{842A9A3D-12A8-4310-998B-C740B4A68745} = {E1ED5814-3279-5096-6E7D-B99B82AC87D2}
		{32AB9031-46EF-EB64-39E9-1163C7E8B46C} = {EFE4BB84-E4C9-3F1D-A3CB-EB8B2EC91612}
		{98EA0405-C1D1-48FC-9A45-B047C6C4CA88} = {32AB9031-46EF-EB64-39E9-1163C7E8B46C}
		{1450DE29-1280-4BB6-ADF2-865912CC9E11} = {32AB9031-46EF-EB64-39E9-1163C7E8B46C}
		{FD5CE18C-B165-4FAE-AD99-AADC7905EF67} = {32AB9031-46EF-EB64-39E9-1163C7E8B46C}
		{04E5667B-C87E-DB85-360C-E1DBE2C6BCF1} = {EFE4BB84-E4C9-3F1D-A3CB-EB8B2EC91612}
		{778C3ED1-133D-48BD-9BD6-288E361EB9C7} = {04E5667B-C87E-DB85-360C-E1DBE2C6BCF1}
		{D60E7E37-57D1-4CC4-B52C-D42A33BB61CC} = {04E5667B-C87E-DB85-360C-E1DBE2C6BCF1}
		{31DF535D-160D-429C-B76E-81CD52A4AD0C} = {04E5667B-C87E-DB85-360C-E1DBE2C6BCF1}
		{DB13B865-36DA-44B2-B489-50B02EB0DE70} = {0AB3BF05-4346-4AA6-1389-037BE0695223}
		{17EEAB7A-50F7-46C8-A999-2179864B8817} = {0AB3BF05-4346-4AA6-1389-037BE0695223}
	EndGlobalSection
	GlobalSection(ExtensibilityGlobals) = postSolution
		SolutionGuid = {0FD7DE5E-8772-46F6-B799-D31672591956}
	EndGlobalSection
EndGlobal
